
Microsoft Visual Studio Solution File, Format Version 12.00
# Visual Studio Version 17
VisualStudioVersion = 17.8.34408.163
MinimumVisualStudioVersion = 10.0.40219.1
Project("{FAE04EC0-301F-11D3-BF4B-00C04F79EFBC}") = "ders7", "ders7.csproj", "{E8EBA5FA-87AE-4307-A247-A04E16F86ACF}"
EndProject
Global
	GlobalSection(SolutionConfigurationPlatforms) = preSolution
		Debug|Any CPU = Debug|Any CPU
		Release|Any CPU = Release|Any CPU
	EndGlobalSection
	GlobalSection(ProjectConfigurationPlatforms) = postSolution
		{E8EBA5FA-87AE-4307-A247-A04E16F86ACF}.Debug|Any CPU.ActiveCfg = Debug|Any CPU
		{E8EBA5FA-87AE-4307-A247-A04E16F86ACF}.Debug|Any CPU.Build.0 = Debug|Any CPU
		{E8EBA5FA-87AE-4307-A247-A04E16F86ACF}.Release|Any CPU.ActiveCfg = Release|Any CPU
		{E8EBA5FA-87AE-4307-A247-A04E16F86ACF}.Release|Any CPU.Build.0 = Release|Any CPU
	EndGlobalSection
	GlobalSection(SolutionProperties) = preSolution
		HideSolutionNode = FALSE
	EndGlobalSection
	GlobalSection(ExtensibilityGlobals) = postSolution
		SolutionGuid = {BC3F61E9-C0E2-40DE-B5FD-5BBCA92748E6}
	EndGlobalSection
EndGlobal
